
Microsoft Visual Studio Solution File, Format Version 12.00
# Visual Studio Version 16
VisualStudioVersion = 16.0.31624.102
MinimumVisualStudioVersion = 10.0.40219.1
Project("{FAE04EC0-301F-11D3-BF4B-00C04F79EFBC}") = "ThreadsApp", "ThreadsApp\ThreadsApp.csproj", "{970D45AC-ADC5-415F-941A-0E85FC35F6DF}"
EndProject
Global
	GlobalSection(SolutionConfigurationPlatforms) = preSolution
		Debug|Any CPU = Debug|Any CPU
		Release|Any CPU = Release|Any CPU
	EndGlobalSection
	GlobalSection(ProjectConfigurationPlatforms) = postSolution
		{970D45AC-ADC5-415F-941A-0E85FC35F6DF}.Debug|Any CPU.ActiveCfg = Debug|Any CPU
		{970D45AC-ADC5-415F-941A-0E85FC35F6DF}.Debug|Any CPU.Build.0 = Debug|Any CPU
		{970D45AC-ADC5-415F-941A-0E85FC35F6DF}.Release|Any CPU.ActiveCfg = Release|Any CPU
		{970D45AC-ADC5-415F-941A-0E85FC35F6DF}.Release|Any CPU.Build.0 = Release|Any CPU
	EndGlobalSection
	GlobalSection(SolutionProperties) = preSolution
		HideSolutionNode = FALSE
	EndGlobalSection
	GlobalSection(ExtensibilityGlobals) = postSolution
		SolutionGuid = {6223FC15-D719-45BD-808D-37CCAC9E655E}
	EndGlobalSection
EndGlobal
